// !$*UTF8*$!
{
	archiveVersion = 1;
	classes = {
	};
	objectVersion = 46;
	objects = {

/* Begin PBXBuildFile section */
		AED1A1031BFE9820001346FA /* AppDelegate.swift in Sources */ = {isa = PBXBuildFile; fileRef = AED1A0FA1BFE9820001346FA /* AppDelegate.swift */; };
		AED1A1041BFE9820001346FA /* Assets.xcassets in Resources */ = {isa = PBXBuildFile; fileRef = AED1A0FB1BFE9820001346FA /* Assets.xcassets */; };
		AED1A1051BFE9820001346FA /* LaunchScreen.storyboard in Resources */ = {isa = PBXBuildFile; fileRef = AED1A0FD1BFE9820001346FA /* LaunchScreen.storyboard */; };
		AED1A1061BFE9820001346FA /* Main.storyboard in Resources */ = {isa = PBXBuildFile; fileRef = AED1A0FF1BFE9820001346FA /* Main.storyboard */; };
		AED1A1071BFE9820001346FA /* Info.plist in Resources */ = {isa = PBXBuildFile; fileRef = AED1A1011BFE9820001346FA /* Info.plist */; };
		AED1A1081BFE9820001346FA /* ViewController.swift in Sources */ = {isa = PBXBuildFile; fileRef = AED1A1021BFE9820001346FA /* ViewController.swift */; };
		AED1A1151BFE983A001346FA /* AnimatabeButton.swift in Sources */ = {isa = PBXBuildFile; fileRef = AED1A1091BFE983A001346FA /* AnimatabeButton.swift */; };
		AED1A1161BFE983A001346FA /* Animatable.swift in Sources */ = {isa = PBXBuildFile; fileRef = AED1A10A1BFE983A001346FA /* Animatable.swift */; };
		AED1A1171BFE983A001346FA /* AnimatableImageView.swift in Sources */ = {isa = PBXBuildFile; fileRef = AED1A10B1BFE983A001346FA /* AnimatableImageView.swift */; };
		AED1A1181BFE983A001346FA /* AnimatableTextField.swift in Sources */ = {isa = PBXBuildFile; fileRef = AED1A10C1BFE983A001346FA /* AnimatableTextField.swift */; };
		AED1A1191BFE983A001346FA /* AnimatableTextView.swift in Sources */ = {isa = PBXBuildFile; fileRef = AED1A10D1BFE983A001346FA /* AnimatableTextView.swift */; };
		AED1A11A1BFE983A001346FA /* AnimatableView.swift in Sources */ = {isa = PBXBuildFile; fileRef = AED1A10E1BFE983A001346FA /* AnimatableView.swift */; };
		AED1A11B1BFE983A001346FA /* AnimationType.swift in Sources */ = {isa = PBXBuildFile; fileRef = AED1A10F1BFE983A001346FA /* AnimationType.swift */; };
		AED1A11C1BFE983A001346FA /* BorderDesignable.swift in Sources */ = {isa = PBXBuildFile; fileRef = AED1A1101BFE983A001346FA /* BorderDesignable.swift */; };
		AED1A11D1BFE983A001346FA /* BoxShadowDesignable.swift in Sources */ = {isa = PBXBuildFile; fileRef = AED1A1111BFE983A001346FA /* BoxShadowDesignable.swift */; };
		AED1A11E1BFE983A001346FA /* PaddingDesignable.swift in Sources */ = {isa = PBXBuildFile; fileRef = AED1A1121BFE983A001346FA /* PaddingDesignable.swift */; };
		AED1A11F1BFE983A001346FA /* PlaceholderDesignable.swift in Sources */ = {isa = PBXBuildFile; fileRef = AED1A1131BFE983A001346FA /* PlaceholderDesignable.swift */; };
		AED1A1201BFE983A001346FA /* UIView+CSSable.swift in Sources */ = {isa = PBXBuildFile; fileRef = AED1A1141BFE983A001346FA /* UIView+CSSable.swift */; };
		AED1A1221BFEA05F001346FA /* PositionAnimatable.swift in Sources */ = {isa = PBXBuildFile; fileRef = AED1A1211BFEA05F001346FA /* PositionAnimatable.swift */; };
		AED1A1281BFEA3E1001346FA /* SlideAnimatable.swift in Sources */ = {isa = PBXBuildFile; fileRef = AED1A1271BFEA3E1001346FA /* SlideAnimatable.swift */; };
		AED1A12A1BFEA4EF001346FA /* Squeezable.swift in Sources */ = {isa = PBXBuildFile; fileRef = AED1A1291BFEA4EF001346FA /* Squeezable.swift */; };
/* End PBXBuildFile section */

/* Begin PBXFileReference section */
		AE6C66FF1BFBF93500134A35 /* IBAnimatableApp.app */ = {isa = PBXFileReference; explicitFileType = wrapper.application; includeInIndex = 0; path = IBAnimatableApp.app; sourceTree = BUILT_PRODUCTS_DIR; };
		AED1A0FA1BFE9820001346FA /* AppDelegate.swift */ = {isa = PBXFileReference; fileEncoding = 4; lastKnownFileType = sourcecode.swift; name = AppDelegate.swift; path = IBAnimatableApp/AppDelegate.swift; sourceTree = SOURCE_ROOT; };
		AED1A0FB1BFE9820001346FA /* Assets.xcassets */ = {isa = PBXFileReference; lastKnownFileType = folder.assetcatalog; name = Assets.xcassets; path = IBAnimatableApp/Assets.xcassets; sourceTree = SOURCE_ROOT; };
		AED1A0FE1BFE9820001346FA /* Base */ = {isa = PBXFileReference; lastKnownFileType = file.storyboard; name = Base; path = LaunchScreen.storyboard; sourceTree = "<group>"; };
		AED1A1001BFE9820001346FA /* Base */ = {isa = PBXFileReference; lastKnownFileType = file.storyboard; name = Base; path = Main.storyboard; sourceTree = "<group>"; };
		AED1A1011BFE9820001346FA /* Info.plist */ = {isa = PBXFileReference; fileEncoding = 4; lastKnownFileType = text.plist.xml; name = Info.plist; path = IBAnimatableApp/Info.plist; sourceTree = SOURCE_ROOT; };
		AED1A1021BFE9820001346FA /* ViewController.swift */ = {isa = PBXFileReference; fileEncoding = 4; lastKnownFileType = sourcecode.swift; name = ViewController.swift; path = IBAnimatableApp/ViewController.swift; sourceTree = SOURCE_ROOT; };
		AED1A1091BFE983A001346FA /* AnimatabeButton.swift */ = {isa = PBXFileReference; fileEncoding = 4; lastKnownFileType = sourcecode.swift; name = AnimatabeButton.swift; path = IBAnimatable/AnimatabeButton.swift; sourceTree = SOURCE_ROOT; };
		AED1A10A1BFE983A001346FA /* Animatable.swift */ = {isa = PBXFileReference; fileEncoding = 4; lastKnownFileType = sourcecode.swift; name = Animatable.swift; path = IBAnimatable/Animatable.swift; sourceTree = SOURCE_ROOT; };
		AED1A10B1BFE983A001346FA /* AnimatableImageView.swift */ = {isa = PBXFileReference; fileEncoding = 4; lastKnownFileType = sourcecode.swift; name = AnimatableImageView.swift; path = IBAnimatable/AnimatableImageView.swift; sourceTree = SOURCE_ROOT; };
		AED1A10C1BFE983A001346FA /* AnimatableTextField.swift */ = {isa = PBXFileReference; fileEncoding = 4; lastKnownFileType = sourcecode.swift; name = AnimatableTextField.swift; path = IBAnimatable/AnimatableTextField.swift; sourceTree = SOURCE_ROOT; };
		AED1A10D1BFE983A001346FA /* AnimatableTextView.swift */ = {isa = PBXFileReference; fileEncoding = 4; lastKnownFileType = sourcecode.swift; name = AnimatableTextView.swift; path = IBAnimatable/AnimatableTextView.swift; sourceTree = SOURCE_ROOT; };
		AED1A10E1BFE983A001346FA /* AnimatableView.swift */ = {isa = PBXFileReference; fileEncoding = 4; lastKnownFileType = sourcecode.swift; name = AnimatableView.swift; path = IBAnimatable/AnimatableView.swift; sourceTree = SOURCE_ROOT; };
		AED1A10F1BFE983A001346FA /* AnimationType.swift */ = {isa = PBXFileReference; fileEncoding = 4; lastKnownFileType = sourcecode.swift; name = AnimationType.swift; path = IBAnimatable/AnimationType.swift; sourceTree = SOURCE_ROOT; };
		AED1A1101BFE983A001346FA /* BorderDesignable.swift */ = {isa = PBXFileReference; fileEncoding = 4; lastKnownFileType = sourcecode.swift; name = BorderDesignable.swift; path = IBAnimatable/BorderDesignable.swift; sourceTree = SOURCE_ROOT; };
		AED1A1111BFE983A001346FA /* BoxShadowDesignable.swift */ = {isa = PBXFileReference; fileEncoding = 4; lastKnownFileType = sourcecode.swift; name = BoxShadowDesignable.swift; path = IBAnimatable/BoxShadowDesignable.swift; sourceTree = SOURCE_ROOT; };
		AED1A1121BFE983A001346FA /* PaddingDesignable.swift */ = {isa = PBXFileReference; fileEncoding = 4; lastKnownFileType = sourcecode.swift; name = PaddingDesignable.swift; path = IBAnimatable/PaddingDesignable.swift; sourceTree = SOURCE_ROOT; };
		AED1A1131BFE983A001346FA /* PlaceholderDesignable.swift */ = {isa = PBXFileReference; fileEncoding = 4; lastKnownFileType = sourcecode.swift; name = PlaceholderDesignable.swift; path = IBAnimatable/PlaceholderDesignable.swift; sourceTree = SOURCE_ROOT; };
		AED1A1141BFE983A001346FA /* UIView+CSSable.swift */ = {isa = PBXFileReference; fileEncoding = 4; lastKnownFileType = sourcecode.swift; name = "UIView+CSSable.swift"; path = "IBAnimatable/UIView+CSSable.swift"; sourceTree = SOURCE_ROOT; };
		AED1A1211BFEA05F001346FA /* PositionAnimatable.swift */ = {isa = PBXFileReference; fileEncoding = 4; lastKnownFileType = sourcecode.swift; path = PositionAnimatable.swift; sourceTree = "<group>"; };
		AED1A1271BFEA3E1001346FA /* SlideAnimatable.swift */ = {isa = PBXFileReference; fileEncoding = 4; lastKnownFileType = sourcecode.swift; path = SlideAnimatable.swift; sourceTree = "<group>"; };
		AED1A1291BFEA4EF001346FA /* Squeezable.swift */ = {isa = PBXFileReference; fileEncoding = 4; lastKnownFileType = sourcecode.swift; path = Squeezable.swift; sourceTree = "<group>"; };
/* End PBXFileReference section */

/* Begin PBXFrameworksBuildPhase section */
		AE6C66FC1BFBF93500134A35 /* Frameworks */ = {
			isa = PBXFrameworksBuildPhase;
			buildActionMask = 2147483647;
			files = (
			);
			runOnlyForDeploymentPostprocessing = 0;
		};
/* End PBXFrameworksBuildPhase section */

/* Begin PBXGroup section */
		AE6C66F61BFBF93500134A35 = {
			isa = PBXGroup;
			children = (
				AE6C67141BFBF9BD00134A35 /* IBAnimatable */,
				AE6C67011BFBF93500134A35 /* IBAnimatableApp */,
				AE6C67001BFBF93500134A35 /* Products */,
			);
			sourceTree = "<group>";
		};
		AE6C67001BFBF93500134A35 /* Products */ = {
			isa = PBXGroup;
			children = (
				AE6C66FF1BFBF93500134A35 /* IBAnimatableApp.app */,
			);
			name = Products;
			sourceTree = "<group>";
		};
		AE6C67011BFBF93500134A35 /* IBAnimatableApp */ = {
			isa = PBXGroup;
			children = (
				AED1A0FA1BFE9820001346FA /* AppDelegate.swift */,
				AED1A1021BFE9820001346FA /* ViewController.swift */,
				AED1A0FB1BFE9820001346FA /* Assets.xcassets */,
				AED1A0FD1BFE9820001346FA /* LaunchScreen.storyboard */,
				AED1A0FF1BFE9820001346FA /* Main.storyboard */,
				AED1A1011BFE9820001346FA /* Info.plist */,
			);
			path = IBAnimatableApp;
			sourceTree = "<group>";
		};
		AE6C67141BFBF9BD00134A35 /* IBAnimatable */ = {
			isa = PBXGroup;
			children = (
				AE6F18831BFD934A00CFDF4F /* enum */,
				AE6F18741BFD49DE00CFDF4F /* protocol */,
				AE6F18761BFD4A3200CFDF4F /* view */,
				AE6F18751BFD4A1800CFDF4F /* extension */,
			);
			path = IBAnimatable;
			sourceTree = SOURCE_ROOT;
		};
		AE6F18741BFD49DE00CFDF4F /* protocol */ = {
			isa = PBXGroup;
			children = (
				AED1A1241BFEA328001346FA /* Animatable */,
				AED1A1231BFEA319001346FA /* Designable */,
			);
			name = protocol;
			sourceTree = "<group>";
		};
		AE6F18751BFD4A1800CFDF4F /* extension */ = {
			isa = PBXGroup;
			children = (
				AED1A1141BFE983A001346FA /* UIView+CSSable.swift */,
			);
			name = extension;
			sourceTree = "<group>";
		};
		AE6F18761BFD4A3200CFDF4F /* view */ = {
			isa = PBXGroup;
			children = (
				AED1A10E1BFE983A001346FA /* AnimatableView.swift */,
				AED1A1091BFE983A001346FA /* AnimatabeButton.swift */,
				AED1A10B1BFE983A001346FA /* AnimatableImageView.swift */,
				AED1A10C1BFE983A001346FA /* AnimatableTextField.swift */,
				AED1A10D1BFE983A001346FA /* AnimatableTextView.swift */,
			);
			name = view;
			sourceTree = "<group>";
		};
		AE6F18831BFD934A00CFDF4F /* enum */ = {
			isa = PBXGroup;
			children = (
				AED1A10F1BFE983A001346FA /* AnimationType.swift */,
			);
			name = enum;
			sourceTree = "<group>";
		};
		AED1A1231BFEA319001346FA /* Designable */ = {
			isa = PBXGroup;
			children = (
				AED1A1101BFE983A001346FA /* BorderDesignable.swift */,
				AED1A1111BFE983A001346FA /* BoxShadowDesignable.swift */,
				AED1A1121BFE983A001346FA /* PaddingDesignable.swift */,
				AED1A1131BFE983A001346FA /* PlaceholderDesignable.swift */,
			);
			name = Designable;
			sourceTree = "<group>";
		};
		AED1A1241BFEA328001346FA /* Animatable */ = {
			isa = PBXGroup;
			children = (
				AED1A10A1BFE983A001346FA /* Animatable.swift */,
				AED1A1211BFEA05F001346FA /* PositionAnimatable.swift */,
				AED1A1271BFEA3E1001346FA /* SlideAnimatable.swift */,
				AED1A1291BFEA4EF001346FA /* Squeezable.swift */,
			);
			name = Animatable;
			sourceTree = "<group>";
		};
/* End PBXGroup section */

/* Begin PBXNativeTarget section */
		AE6C66FE1BFBF93500134A35 /* IBAnimatableApp */ = {
			isa = PBXNativeTarget;
			buildConfigurationList = AE6C67111BFBF93500134A35 /* Build configuration list for PBXNativeTarget "IBAnimatableApp" */;
			buildPhases = (
				AE6C66FB1BFBF93500134A35 /* Sources */,
				AE6C66FC1BFBF93500134A35 /* Frameworks */,
				AE6C66FD1BFBF93500134A35 /* Resources */,
			);
			buildRules = (
			);
			dependencies = (
			);
			name = IBAnimatableApp;
			productName = IBAnimatableApp;
			productReference = AE6C66FF1BFBF93500134A35 /* IBAnimatableApp.app */;
			productType = "com.apple.product-type.application";
		};
/* End PBXNativeTarget section */

/* Begin PBXProject section */
		AE6C66F71BFBF93500134A35 /* Project object */ = {
			isa = PBXProject;
			attributes = {
				LastSwiftUpdateCheck = 0710;
				LastUpgradeCheck = 0710;
				ORGANIZATIONNAME = "Jake Lin";
				TargetAttributes = {
					AE6C66FE1BFBF93500134A35 = {
						CreatedOnToolsVersion = 7.1.1;
					};
				};
			};
			buildConfigurationList = AE6C66FA1BFBF93500134A35 /* Build configuration list for PBXProject "IBAnimatableApp" */;
			compatibilityVersion = "Xcode 3.2";
			developmentRegion = English;
			hasScannedForEncodings = 0;
			knownRegions = (
				en,
				Base,
			);
			mainGroup = AE6C66F61BFBF93500134A35;
			productRefGroup = AE6C67001BFBF93500134A35 /* Products */;
			projectDirPath = "";
			projectRoot = "";
			targets = (
				AE6C66FE1BFBF93500134A35 /* IBAnimatableApp */,
			);
		};
/* End PBXProject section */

/* Begin PBXResourcesBuildPhase section */
		AE6C66FD1BFBF93500134A35 /* Resources */ = {
			isa = PBXResourcesBuildPhase;
			buildActionMask = 2147483647;
			files = (
				AED1A1071BFE9820001346FA /* Info.plist in Resources */,
				AED1A1061BFE9820001346FA /* Main.storyboard in Resources */,
				AED1A1041BFE9820001346FA /* Assets.xcassets in Resources */,
				AED1A1051BFE9820001346FA /* LaunchScreen.storyboard in Resources */,
			);
			runOnlyForDeploymentPostprocessing = 0;
		};
/* End PBXResourcesBuildPhase section */

/* Begin PBXSourcesBuildPhase section */
		AE6C66FB1BFBF93500134A35 /* Sources */ = {
			isa = PBXSourcesBuildPhase;
			buildActionMask = 2147483647;
			files = (
				AED1A12A1BFEA4EF001346FA /* Squeezable.swift in Sources */,
				AED1A1221BFEA05F001346FA /* PositionAnimatable.swift in Sources */,
				AED1A11A1BFE983A001346FA /* AnimatableView.swift in Sources */,
				AED1A1081BFE9820001346FA /* ViewController.swift in Sources */,
				AED1A11B1BFE983A001346FA /* AnimationType.swift in Sources */,
				AED1A11E1BFE983A001346FA /* PaddingDesignable.swift in Sources */,
				AED1A1201BFE983A001346FA /* UIView+CSSable.swift in Sources */,
				AED1A1171BFE983A001346FA /* AnimatableImageView.swift in Sources */,
				AED1A1191BFE983A001346FA /* AnimatableTextView.swift in Sources */,
				AED1A1161BFE983A001346FA /* Animatable.swift in Sources */,
				AED1A1281BFEA3E1001346FA /* SlideAnimatable.swift in Sources */,
				AED1A11D1BFE983A001346FA /* BoxShadowDesignable.swift in Sources */,
				AED1A1181BFE983A001346FA /* AnimatableTextField.swift in Sources */,
				AED1A11C1BFE983A001346FA /* BorderDesignable.swift in Sources */,
				AED1A1031BFE9820001346FA /* AppDelegate.swift in Sources */,
				AED1A11F1BFE983A001346FA /* PlaceholderDesignable.swift in Sources */,
				AED1A1151BFE983A001346FA /* AnimatabeButton.swift in Sources */,
			);
			runOnlyForDeploymentPostprocessing = 0;
		};
/* End PBXSourcesBuildPhase section */

/* Begin PBXVariantGroup section */
		AED1A0FD1BFE9820001346FA /* LaunchScreen.storyboard */ = {
			isa = PBXVariantGroup;
			children = (
				AED1A0FE1BFE9820001346FA /* Base */,
			);
			name = LaunchScreen.storyboard;
			path = ../IBAnimatableApp/Base.lproj;
			sourceTree = "<group>";
		};
		AED1A0FF1BFE9820001346FA /* Main.storyboard */ = {
			isa = PBXVariantGroup;
			children = (
				AED1A1001BFE9820001346FA /* Base */,
			);
			name = Main.storyboard;
			path = ../IBAnimatableApp/Base.lproj;
			sourceTree = "<group>";
		};
/* End PBXVariantGroup section */

/* Begin XCBuildConfiguration section */
		AE6C670F1BFBF93500134A35 /* Debug */ = {
			isa = XCBuildConfiguration;
			buildSettings = {
				ALWAYS_SEARCH_USER_PATHS = NO;
				CLANG_CXX_LANGUAGE_STANDARD = "gnu++0x";
				CLANG_CXX_LIBRARY = "libc++";
				CLANG_ENABLE_MODULES = YES;
				CLANG_ENABLE_OBJC_ARC = YES;
				CLANG_WARN_BOOL_CONVERSION = YES;
				CLANG_WARN_CONSTANT_CONVERSION = YES;
				CLANG_WARN_DIRECT_OBJC_ISA_USAGE = YES_ERROR;
				CLANG_WARN_EMPTY_BODY = YES;
				CLANG_WARN_ENUM_CONVERSION = YES;
				CLANG_WARN_INT_CONVERSION = YES;
				CLANG_WARN_OBJC_ROOT_CLASS = YES_ERROR;
				CLANG_WARN_UNREACHABLE_CODE = YES;
				CLANG_WARN__DUPLICATE_METHOD_MATCH = YES;
				"CODE_SIGN_IDENTITY[sdk=iphoneos*]" = "iPhone Developer";
				COPY_PHASE_STRIP = NO;
				DEBUG_INFORMATION_FORMAT = dwarf;
				ENABLE_STRICT_OBJC_MSGSEND = YES;
				ENABLE_TESTABILITY = YES;
				GCC_C_LANGUAGE_STANDARD = gnu99;
				GCC_DYNAMIC_NO_PIC = NO;
				GCC_NO_COMMON_BLOCKS = YES;
				GCC_OPTIMIZATION_LEVEL = 0;
				GCC_PREPROCESSOR_DEFINITIONS = (
					"DEBUG=1",
					"$(inherited)",
				);
				GCC_WARN_64_TO_32_BIT_CONVERSION = YES;
				GCC_WARN_ABOUT_RETURN_TYPE = YES_ERROR;
				GCC_WARN_UNDECLARED_SELECTOR = YES;
				GCC_WARN_UNINITIALIZED_AUTOS = YES_AGGRESSIVE;
				GCC_WARN_UNUSED_FUNCTION = YES;
				GCC_WARN_UNUSED_VARIABLE = YES;
				IPHONEOS_DEPLOYMENT_TARGET = 9.1;
				MTL_ENABLE_DEBUG_INFO = YES;
				ONLY_ACTIVE_ARCH = YES;
				SDKROOT = iphoneos;
				SWIFT_OPTIMIZATION_LEVEL = "-Onone";
				TARGETED_DEVICE_FAMILY = "1,2";
			};
			name = Debug;
		};
		AE6C67101BFBF93500134A35 /* Release */ = {
			isa = XCBuildConfiguration;
			buildSettings = {
				ALWAYS_SEARCH_USER_PATHS = NO;
				CLANG_CXX_LANGUAGE_STANDARD = "gnu++0x";
				CLANG_CXX_LIBRARY = "libc++";
				CLANG_ENABLE_MODULES = YES;
				CLANG_ENABLE_OBJC_ARC = YES;
				CLANG_WARN_BOOL_CONVERSION = YES;
				CLANG_WARN_CONSTANT_CONVERSION = YES;
				CLANG_WARN_DIRECT_OBJC_ISA_USAGE = YES_ERROR;
				CLANG_WARN_EMPTY_BODY = YES;
				CLANG_WARN_ENUM_CONVERSION = YES;
				CLANG_WARN_INT_CONVERSION = YES;
				CLANG_WARN_OBJC_ROOT_CLASS = YES_ERROR;
				CLANG_WARN_UNREACHABLE_CODE = YES;
				CLANG_WARN__DUPLICATE_METHOD_MATCH = YES;
				"CODE_SIGN_IDENTITY[sdk=iphoneos*]" = "iPhone Developer";
				COPY_PHASE_STRIP = NO;
				DEBUG_INFORMATION_FORMAT = "dwarf-with-dsym";
				ENABLE_NS_ASSERTIONS = NO;
				ENABLE_STRICT_OBJC_MSGSEND = YES;
				GCC_C_LANGUAGE_STANDARD = gnu99;
				GCC_NO_COMMON_BLOCKS = YES;
				GCC_WARN_64_TO_32_BIT_CONVERSION = YES;
				GCC_WARN_ABOUT_RETURN_TYPE = YES_ERROR;
				GCC_WARN_UNDECLARED_SELECTOR = YES;
				GCC_WARN_UNINITIALIZED_AUTOS = YES_AGGRESSIVE;
				GCC_WARN_UNUSED_FUNCTION = YES;
				GCC_WARN_UNUSED_VARIABLE = YES;
				IPHONEOS_DEPLOYMENT_TARGET = 9.1;
				MTL_ENABLE_DEBUG_INFO = NO;
				SDKROOT = iphoneos;
				TARGETED_DEVICE_FAMILY = "1,2";
				VALIDATE_PRODUCT = YES;
			};
			name = Release;
		};
		AE6C67121BFBF93500134A35 /* Debug */ = {
			isa = XCBuildConfiguration;
			buildSettings = {
				ASSETCATALOG_COMPILER_APPICON_NAME = AppIcon;
				CLANG_ENABLE_MODULES = YES;
				INFOPLIST_FILE = IBAnimatableApp/Info.plist;
				LD_RUNPATH_SEARCH_PATHS = "$(inherited) @executable_path/Frameworks";
				PRODUCT_BUNDLE_IDENTIFIER = JakeLin.IBAnimatableApp;
				PRODUCT_NAME = IBAnimatableApp;
				SWIFT_OPTIMIZATION_LEVEL = "-Onone";
			};
			name = Debug;
		};
		AE6C67131BFBF93500134A35 /* Release */ = {
			isa = XCBuildConfiguration;
			buildSettings = {
				ASSETCATALOG_COMPILER_APPICON_NAME = AppIcon;
				CLANG_ENABLE_MODULES = YES;
				INFOPLIST_FILE = IBAnimatableApp/Info.plist;
				LD_RUNPATH_SEARCH_PATHS = "$(inherited) @executable_path/Frameworks";
				PRODUCT_BUNDLE_IDENTIFIER = JakeLin.IBAnimatableApp;
				PRODUCT_NAME = IBAnimatableApp;
			};
			name = Release;
		};
/* End XCBuildConfiguration section */

/* Begin XCConfigurationList section */
		AE6C66FA1BFBF93500134A35 /* Build configuration list for PBXProject "IBAnimatableApp" */ = {
			isa = XCConfigurationList;
			buildConfigurations = (
				AE6C670F1BFBF93500134A35 /* Debug */,
				AE6C67101BFBF93500134A35 /* Release */,
			);
			defaultConfigurationIsVisible = 0;
			defaultConfigurationName = Release;
		};
		AE6C67111BFBF93500134A35 /* Build configuration list for PBXNativeTarget "IBAnimatableApp" */ = {
			isa = XCConfigurationList;
			buildConfigurations = (
				AE6C67121BFBF93500134A35 /* Debug */,
				AE6C67131BFBF93500134A35 /* Release */,
			);
			defaultConfigurationIsVisible = 0;
			defaultConfigurationName = Release;
		};
/* End XCConfigurationList section */
	};
	rootObject = AE6C66F71BFBF93500134A35 /* Project object */;
}
